<?xml version="1.0" encoding="utf-8"?>
<Project ToolsVersion="4.0" xmlns="http://schemas.microsoft.com/developer/msbuild/2003">
  <ItemGroup>
    <Filter Include="ソース ファイル">
      <UniqueIdentifier>{4FC737F1-C7A5-4376-A066-2A32D752A2FF}</UniqueIdentifier>
      <Extensions>cpp;c;cc;cxx;def;odl;idl;hpj;bat;asm;asmx</Extensions>
    </Filter>
    <Filter Include="ヘッダー ファイル">
      <UniqueIdentifier>{93995380-89BD-4b04-88EB-625FBE52EBFB}</UniqueIdentifier>
      <Extensions>h;hh;hpp;hxx;hm;inl;inc;xsd</Extensions>
    </Filter>
    <Filter Include="リソース ファイル">
      <UniqueIdentifier>{67DA6AB6-F800-4c08-8B7A-83BB121AAD01}</UniqueIdentifier>
      <Extensions>rc;ico;cur;bmp;dlg;rc2;rct;bin;rgs;gif;jpg;jpeg;jpe;resx;tiff;tif;png;wav;mfcribbon-ms</Extensions>
    </Filter>
    <Filter Include="ソース ファイル\シーン">
      <UniqueIdentifier>{9f042b07-8486-4bfa-b69f-9951ea7f4c4f}</UniqueIdentifier>
    </Filter>
    <Filter Include="ソース ファイル\シーン\タイトル">
      <UniqueIdentifier>{d82d8062-5d19-4e98-a1e7-87e853b4de34}</UniqueIdentifier>
    </Filter>
    <Filter Include="ソース ファイル\シーン\プレイ">
      <UniqueIdentifier>{9c284dae-4d37-4acb-a050-6c81b1f895f7}</UniqueIdentifier>
    </Filter>
    <Filter Include="ソース ファイル\シーン\リザルト">
      <UniqueIdentifier>{49fa3798-84db-4125-98aa-abf59192f1a9}</UniqueIdentifier>
    </Filter>
    <Filter Include="ソース ファイル\グラフィック">
      <UniqueIdentifier>{a73c5a31-b81f-4034-b18f-a159ad010243}</UniqueIdentifier>
    </Filter>
    <Filter Include="ソース ファイル\オセロ">
      <UniqueIdentifier>{4da24c61-5993-485b-8b14-db8b80b53a32}</UniqueIdentifier>
    </Filter>
    <Filter Include="ソース ファイル\アプリケーション">
      <UniqueIdentifier>{5e15513a-e87b-4f01-870a-6b97dde37d9f}</UniqueIdentifier>
    </Filter>
  </ItemGroup>
  <ItemGroup>
    <ClCompile Include="TitleScene.cpp">
      <Filter>ソース ファイル\シーン\タイトル</Filter>
    </ClCompile>
    <ClCompile Include="PlayScene.cpp">
      <Filter>ソース ファイル\シーン\プレイ</Filter>
    </ClCompile>
    <ClCompile Include="ResultScene.cpp">
      <Filter>ソース ファイル\シーン\リザルト</Filter>
    </ClCompile>
    <ClCompile Include="Scene.cpp">
      <Filter>ソース ファイル\シーン</Filter>
    </ClCompile>
    <ClCompile Include="SceneManager.cpp">
      <Filter>ソース ファイル\シーン</Filter>
    </ClCompile>
    <ClCompile Include="Texture2D.cpp">
      <Filter>ソース ファイル\グラフィック</Filter>
    </ClCompile>
    <ClCompile Include="TextureManager.cpp">
      <Filter>ソース ファイル\グラフィック</Filter>
    </ClCompile>
    <ClCompile Include="Graphics.cpp">
      <Filter>ソース ファイル\グラフィック</Filter>
    </ClCompile>
    <ClCompile Include="Othello.cpp">
      <Filter>ソース ファイル\オセロ</Filter>
    </ClCompile>
    <ClCompile Include="Winmain.cpp">
      <Filter>ソース ファイル\アプリケーション</Filter>
    </ClCompile>
    <ClCompile Include="GameWindow.cpp">
      <Filter>ソース ファイル\アプリケーション</Filter>
    </ClCompile>
    <ClCompile Include="CollisionDetection.cpp">
      <Filter>ソース ファイル\アプリケーション</Filter>
    </ClCompile>
    <ClCompile Include="Rect.cpp">
      <Filter>ソース ファイル\アプリケーション</Filter>
    </ClCompile>
    <ClCompile Include="GlobalData.cpp">
      <Filter>ソース ファイル\アプリケーション</Filter>
    </ClCompile>
  </ItemGroup>
  <ItemGroup>
    <ClInclude Include="TitleScene.h">
      <Filter>ソース ファイル\シーン\タイトル</Filter>
    </ClInclude>
    <ClInclude Include="PlayScene.h">
      <Filter>ソース ファイル\シーン\プレイ</Filter>
    </ClInclude>
    <ClInclude Include="ResultScene.h">
      <Filter>ソース ファイル\シーン\リザルト</Filter>
    </ClInclude>
    <ClInclude Include="Scene.h">
      <Filter>ソース ファイル\シーン</Filter>
    </ClInclude>
    <ClInclude Include="SceneManager.h">
      <Filter>ソース ファイル\シーン</Filter>
    </ClInclude>
    <ClInclude Include="Texture2D.h">
      <Filter>ソース ファイル\グラフィック</Filter>
    </ClInclude>
    <ClInclude Include="TextureManager.h">
      <Filter>ソース ファイル\グラフィック</Filter>
    </ClInclude>
    <ClInclude Include="Graphics.h">
      <Filter>ソース ファイル\グラフィック</Filter>
    </ClInclude>
    <ClInclude Include="Othello.h">
      <Filter>ソース ファイル\オセロ</Filter>
    </ClInclude>
    <ClInclude Include="GameWindow.h">
      <Filter>ソース ファイル\アプリケーション</Filter>
    </ClInclude>
    <ClInclude Include="Rect.h">
      <Filter>ソース ファイル\アプリケーション</Filter>
    </ClInclude>
    <ClInclude Include="Point.h">
      <Filter>ソース ファイル\アプリケーション</Filter>
    </ClInclude>
    <ClInclude Include="CollisionDetection.h">
      <Filter>ソース ファイル\アプリケーション</Filter>
    </ClInclude>
    <ClInclude Include="GlobalData.h">
      <Filter>ソース ファイル\アプリケーション</Filter>
    </ClInclude>
  </ItemGroup>
</Project>